
Microsoft Visual Studio Solution File, Format Version 12.00
# Visual Studio Version 16
VisualStudioVersion = 16.0.29613.14
MinimumVisualStudioVersion = 10.0.40219.1
Project("{2150E333-8FDC-42A3-9474-1A3956D46DE8}") = "Solution Items", "Solution Items", "{7C8C67C4-DD65-4AA7-80E8-3770AB359B37}"
	ProjectSection(SolutionItems) = preProject
		README.md = README.md
	EndProjectSection
EndProject
Project("{FAE04EC0-301F-11D3-BF4B-00C04F79EFBC}") = "WebApplication1", "WebApplication1\WebApplication1.csproj", "{8E59D5C9-DD80-4E2A-A771-B78DD74CDF9B}"
EndProject
Global
	GlobalSection(SolutionConfigurationPlatforms) = preSolution
		Debug|Any CPU = Debug|Any CPU
		Release|Any CPU = Release|Any CPU
	EndGlobalSection
	GlobalSection(ProjectConfigurationPlatforms) = postSolution
		{8E59D5C9-DD80-4E2A-A771-B78DD74CDF9B}.Debug|Any CPU.ActiveCfg = Debug|Any CPU
		{8E59D5C9-DD80-4E2A-A771-B78DD74CDF9B}.Debug|Any CPU.Build.0 = Debug|Any CPU
		{8E59D5C9-DD80-4E2A-A771-B78DD74CDF9B}.Release|Any CPU.ActiveCfg = Release|Any CPU
		{8E59D5C9-DD80-4E2A-A771-B78DD74CDF9B}.Release|Any CPU.Build.0 = Release|Any CPU
	EndGlobalSection
	GlobalSection(SolutionProperties) = preSolution
		HideSolutionNode = FALSE
	EndGlobalSection
	GlobalSection(ExtensibilityGlobals) = postSolution
		SolutionGuid = {9AA9BAE4-55CA-478D-A99D-7559F526DA83}
	EndGlobalSection
EndGlobal
